// !$*UTF8*$!
{
	archiveVersion = 1;
	classes = {
	};
	objectVersion = 55;
	objects = {

/* Begin PBXBuildFile section */
		3A99751A27689AEC00F32696 /* AppDelegate.swift in Sources */ = {isa = PBXBuildFile; fileRef = 3A99751927689AEC00F32696 /* AppDelegate.swift */; };
		3A99751C27689AEC00F32696 /* SceneDelegate.swift in Sources */ = {isa = PBXBuildFile; fileRef = 3A99751B27689AEC00F32696 /* SceneDelegate.swift */; };
		3A99751E27689AEC00F32696 /* ViewController.swift in Sources */ = {isa = PBXBuildFile; fileRef = 3A99751D27689AEC00F32696 /* ViewController.swift */; };
		3A99752127689AEC00F32696 /* Main.storyboard in Resources */ = {isa = PBXBuildFile; fileRef = 3A99751F27689AEC00F32696 /* Main.storyboard */; };
		3A99752427689AEC00F32696 /* get_film.xcdatamodeld in Sources */ = {isa = PBXBuildFile; fileRef = 3A99752227689AEC00F32696 /* get_film.xcdatamodeld */; };
		3A99752627689AEE00F32696 /* Assets.xcassets in Resources */ = {isa = PBXBuildFile; fileRef = 3A99752527689AEE00F32696 /* Assets.xcassets */; };
		3A99752927689AEE00F32696 /* LaunchScreen.storyboard in Resources */ = {isa = PBXBuildFile; fileRef = 3A99752727689AEE00F32696 /* LaunchScreen.storyboard */; };
		3A99753427689AEE00F32696 /* get_filmTests.swift in Sources */ = {isa = PBXBuildFile; fileRef = 3A99753327689AEE00F32696 /* get_filmTests.swift */; };
		3A99753E27689AEE00F32696 /* get_filmUITests.swift in Sources */ = {isa = PBXBuildFile; fileRef = 3A99753D27689AEE00F32696 /* get_filmUITests.swift */; };
		3A99754027689AEE00F32696 /* get_filmUITestsLaunchTests.swift in Sources */ = {isa = PBXBuildFile; fileRef = 3A99753F27689AEE00F32696 /* get_filmUITestsLaunchTests.swift */; };
/* End PBXBuildFile section */

/* Begin PBXContainerItemProxy section */
		3A99753027689AEE00F32696 /* PBXContainerItemProxy */ = {
			isa = PBXContainerItemProxy;
			containerPortal = 3A99750E27689AEC00F32696 /* Project object */;
			proxyType = 1;
			remoteGlobalIDString = 3A99751527689AEC00F32696;
			remoteInfo = "get film";
		};
		3A99753A27689AEE00F32696 /* PBXContainerItemProxy */ = {
			isa = PBXContainerItemProxy;
			containerPortal = 3A99750E27689AEC00F32696 /* Project object */;
			proxyType = 1;
			remoteGlobalIDString = 3A99751527689AEC00F32696;
			remoteInfo = "get film";
		};
/* End PBXContainerItemProxy section */

/* Begin PBXFileReference section */
		3A99751627689AEC00F32696 /* get film.app */ = {isa = PBXFileReference; explicitFileType = wrapper.application; includeInIndex = 0; path = "get film.app"; sourceTree = BUILT_PRODUCTS_DIR; };
		3A99751927689AEC00F32696 /* AppDelegate.swift */ = {isa = PBXFileReference; lastKnownFileType = sourcecode.swift; path = AppDelegate.swift; sourceTree = "<group>"; };
		3A99751B27689AEC00F32696 /* SceneDelegate.swift */ = {isa = PBXFileReference; lastKnownFileType = sourcecode.swift; path = SceneDelegate.swift; sourceTree = "<group>"; };
		3A99751D27689AEC00F32696 /* ViewController.swift */ = {isa = PBXFileReference; lastKnownFileType = sourcecode.swift; path = ViewController.swift; sourceTree = "<group>"; };
		3A99752027689AEC00F32696 /* Base */ = {isa = PBXFileReference; lastKnownFileType = file.storyboard; name = Base; path = Base.lproj/Main.storyboard; sourceTree = "<group>"; };
		3A99752327689AEC00F32696 /* get_film.xcdatamodel */ = {isa = PBXFileReference; lastKnownFileType = wrapper.xcdatamodel; path = get_film.xcdatamodel; sourceTree = "<group>"; };
		3A99752527689AEE00F32696 /* Assets.xcassets */ = {isa = PBXFileReference; lastKnownFileType = folder.assetcatalog; path = Assets.xcassets; sourceTree = "<group>"; };
		3A99752827689AEE00F32696 /* Base */ = {isa = PBXFileReference; lastKnownFileType = file.storyboard; name = Base; path = Base.lproj/LaunchScreen.storyboard; sourceTree = "<group>"; };
		3A99752A27689AEE00F32696 /* Info.plist */ = {isa = PBXFileReference; lastKnownFileType = text.plist.xml; path = Info.plist; sourceTree = "<group>"; };
		3A99752F27689AEE00F32696 /* get filmTests.xctest */ = {isa = PBXFileReference; explicitFileType = wrapper.cfbundle; includeInIndex = 0; path = "get filmTests.xctest"; sourceTree = BUILT_PRODUCTS_DIR; };
		3A99753327689AEE00F32696 /* get_filmTests.swift */ = {isa = PBXFileReference; lastKnownFileType = sourcecode.swift; path = get_filmTests.swift; sourceTree = "<group>"; };
		3A99753927689AEE00F32696 /* get filmUITests.xctest */ = {isa = PBXFileReference; explicitFileType = wrapper.cfbundle; includeInIndex = 0; path = "get filmUITests.xctest"; sourceTree = BUILT_PRODUCTS_DIR; };
		3A99753D27689AEE00F32696 /* get_filmUITests.swift */ = {isa = PBXFileReference; lastKnownFileType = sourcecode.swift; path = get_filmUITests.swift; sourceTree = "<group>"; };
		3A99753F27689AEE00F32696 /* get_filmUITestsLaunchTests.swift */ = {isa = PBXFileReference; lastKnownFileType = sourcecode.swift; path = get_filmUITestsLaunchTests.swift; sourceTree = "<group>"; };
/* End PBXFileReference section */

/* Begin PBXFrameworksBuildPhase section */
		3A99751327689AEC00F32696 /* Frameworks */ = {
			isa = PBXFrameworksBuildPhase;
			buildActionMask = 2147483647;
			files = (
			);
			runOnlyForDeploymentPostprocessing = 0;
		};
		3A99752C27689AEE00F32696 /* Frameworks */ = {
			isa = PBXFrameworksBuildPhase;
			buildActionMask = 2147483647;
			files = (
			);
			runOnlyForDeploymentPostprocessing = 0;
		};
		3A99753627689AEE00F32696 /* Frameworks */ = {
			isa = PBXFrameworksBuildPhase;
			buildActionMask = 2147483647;
			files = (
			);
			runOnlyForDeploymentPostprocessing = 0;
		};
/* End PBXFrameworksBuildPhase section */

/* Begin PBXGroup section */
		3A99750D27689AEC00F32696 = {
			isa = PBXGroup;
			children = (
				3A99751827689AEC00F32696 /* get film */,
				3A99753227689AEE00F32696 /* get filmTests */,
				3A99753C27689AEE00F32696 /* get filmUITests */,
				3A99751727689AEC00F32696 /* Products */,
			);
			sourceTree = "<group>";
		};
		3A99751727689AEC00F32696 /* Products */ = {
			isa = PBXGroup;
			children = (
				3A99751627689AEC00F32696 /* get film.app */,
				3A99752F27689AEE00F32696 /* get filmTests.xctest */,
				3A99753927689AEE00F32696 /* get filmUITests.xctest */,
			);
			name = Products;
			sourceTree = "<group>";
		};
		3A99751827689AEC00F32696 /* get film */ = {
			isa = PBXGroup;
			children = (
				3A99751927689AEC00F32696 /* AppDelegate.swift */,
				3A99751B27689AEC00F32696 /* SceneDelegate.swift */,
				3A99751D27689AEC00F32696 /* ViewController.swift */,
				3A99751F27689AEC00F32696 /* Main.storyboard */,
				3A99752527689AEE00F32696 /* Assets.xcassets */,
				3A99752727689AEE00F32696 /* LaunchScreen.storyboard */,
				3A99752A27689AEE00F32696 /* Info.plist */,
				3A99752227689AEC00F32696 /* get_film.xcdatamodeld */,
			);
			path = "get film";
			sourceTree = "<group>";
		};
		3A99753227689AEE00F32696 /* get filmTests */ = {
			isa = PBXGroup;
			children = (
				3A99753327689AEE00F32696 /* get_filmTests.swift */,
			);
			path = "get filmTests";
			sourceTree = "<group>";
		};
		3A99753C27689AEE00F32696 /* get filmUITests */ = {
			isa = PBXGroup;
			children = (
				3A99753D27689AEE00F32696 /* get_filmUITests.swift */,
				3A99753F27689AEE00F32696 /* get_filmUITestsLaunchTests.swift */,
			);
			path = "get filmUITests";
			sourceTree = "<group>";
		};
/* End PBXGroup section */

/* Begin PBXNativeTarget section */
		3A99751527689AEC00F32696 /* get film */ = {
			isa = PBXNativeTarget;
			buildConfigurationList = 3A99754327689AEE00F32696 /* Build configuration list for PBXNativeTarget "get film" */;
			buildPhases = (
				3A99751227689AEC00F32696 /* Sources */,
				3A99751327689AEC00F32696 /* Frameworks */,
				3A99751427689AEC00F32696 /* Resources */,
			);
			buildRules = (
			);
			dependencies = (
			);
			name = "get film";
			productName = "get film";
			productReference = 3A99751627689AEC00F32696 /* get film.app */;
			productType = "com.apple.product-type.application";
		};
		3A99752E27689AEE00F32696 /* get filmTests */ = {
			isa = PBXNativeTarget;
			buildConfigurationList = 3A99754627689AEE00F32696 /* Build configuration list for PBXNativeTarget "get filmTests" */;
			buildPhases = (
				3A99752B27689AEE00F32696 /* Sources */,
				3A99752C27689AEE00F32696 /* Frameworks */,
				3A99752D27689AEE00F32696 /* Resources */,
			);
			buildRules = (
			);
			dependencies = (
				3A99753127689AEE00F32696 /* PBXTargetDependency */,
			);
			name = "get filmTests";
			productName = "get filmTests";
			productReference = 3A99752F27689AEE00F32696 /* get filmTests.xctest */;
			productType = "com.apple.product-type.bundle.unit-test";
		};
		3A99753827689AEE00F32696 /* get filmUITests */ = {
			isa = PBXNativeTarget;
			buildConfigurationList = 3A99754927689AEE00F32696 /* Build configuration list for PBXNativeTarget "get filmUITests" */;
			buildPhases = (
				3A99753527689AEE00F32696 /* Sources */,
				3A99753627689AEE00F32696 /* Frameworks */,
				3A99753727689AEE00F32696 /* Resources */,
			);
			buildRules = (
			);
			dependencies = (
				3A99753B27689AEE00F32696 /* PBXTargetDependency */,
			);
			name = "get filmUITests";
			productName = "get filmUITests";
			productReference = 3A99753927689AEE00F32696 /* get filmUITests.xctest */;
			productType = "com.apple.product-type.bundle.ui-testing";
		};
/* End PBXNativeTarget section */

/* Begin PBXProject section */
		3A99750E27689AEC00F32696 /* Project object */ = {
			isa = PBXProject;
			attributes = {
				BuildIndependentTargetsInParallel = 1;
				LastSwiftUpdateCheck = 1310;
				LastUpgradeCheck = 1310;
				TargetAttributes = {
					3A99751527689AEC00F32696 = {
						CreatedOnToolsVersion = 13.1;
					};
					3A99752E27689AEE00F32696 = {
						CreatedOnToolsVersion = 13.1;
						TestTargetID = 3A99751527689AEC00F32696;
					};
					3A99753827689AEE00F32696 = {
						CreatedOnToolsVersion = 13.1;
						TestTargetID = 3A99751527689AEC00F32696;
					};
				};
			};
			buildConfigurationList = 3A99751127689AEC00F32696 /* Build configuration list for PBXProject "get film" */;
			compatibilityVersion = "Xcode 13.0";
			developmentRegion = en;
			hasScannedForEncodings = 0;
			knownRegions = (
				en,
				Base,
			);
			mainGroup = 3A99750D27689AEC00F32696;
			productRefGroup = 3A99751727689AEC00F32696 /* Products */;
			projectDirPath = "";
			projectRoot = "";
			targets = (
				3A99751527689AEC00F32696 /* get film */,
				3A99752E27689AEE00F32696 /* get filmTests */,
				3A99753827689AEE00F32696 /* get filmUITests */,
			);
		};
/* End PBXProject section */

/* Begin PBXResourcesBuildPhase section */
		3A99751427689AEC00F32696 /* Resources */ = {
			isa = PBXResourcesBuildPhase;
			buildActionMask = 2147483647;
			files = (
				3A99752927689AEE00F32696 /* LaunchScreen.storyboard in Resources */,
				3A99752627689AEE00F32696 /* Assets.xcassets in Resources */,
				3A99752127689AEC00F32696 /* Main.storyboard in Resources */,
			);
			runOnlyForDeploymentPostprocessing = 0;
		};
		3A99752D27689AEE00F32696 /* Resources */ = {
			isa = PBXResourcesBuildPhase;
			buildActionMask = 2147483647;
			files = (
			);
			runOnlyForDeploymentPostprocessing = 0;
		};
		3A99753727689AEE00F32696 /* Resources */ = {
			isa = PBXResourcesBuildPhase;
			buildActionMask = 2147483647;
			files = (
			);
			runOnlyForDeploymentPostprocessing = 0;
		};
/* End PBXResourcesBuildPhase section */

/* Begin PBXSourcesBuildPhase section */
		3A99751227689AEC00F32696 /* Sources */ = {
			isa = PBXSourcesBuildPhase;
			buildActionMask = 2147483647;
			files = (
				3A99752427689AEC00F32696 /* get_film.xcdatamodeld in Sources */,
				3A99751E27689AEC00F32696 /* ViewController.swift in Sources */,
				3A99751A27689AEC00F32696 /* AppDelegate.swift in Sources */,
				3A99751C27689AEC00F32696 /* SceneDelegate.swift in Sources */,
			);
			runOnlyForDeploymentPostprocessing = 0;
		};
		3A99752B27689AEE00F32696 /* Sources */ = {
			isa = PBXSourcesBuildPhase;
			buildActionMask = 2147483647;
			files = (
				3A99753427689AEE00F32696 /* get_filmTests.swift in Sources */,
			);
			runOnlyForDeploymentPostprocessing = 0;
		};
		3A99753527689AEE00F32696 /* Sources */ = {
			isa = PBXSourcesBuildPhase;
			buildActionMask = 2147483647;
			files = (
				3A99754027689AEE00F32696 /* get_filmUITestsLaunchTests.swift in Sources */,
				3A99753E27689AEE00F32696 /* get_filmUITests.swift in Sources */,
			);
			runOnlyForDeploymentPostprocessing = 0;
		};
/* End PBXSourcesBuildPhase section */

/* Begin PBXTargetDependency section */
		3A99753127689AEE00F32696 /* PBXTargetDependency */ = {
			isa = PBXTargetDependency;
			target = 3A99751527689AEC00F32696 /* get film */;
			targetProxy = 3A99753027689AEE00F32696 /* PBXContainerItemProxy */;
		};
		3A99753B27689AEE00F32696 /* PBXTargetDependency */ = {
			isa = PBXTargetDependency;
			target = 3A99751527689AEC00F32696 /* get film */;
			targetProxy = 3A99753A27689AEE00F32696 /* PBXContainerItemProxy */;
		};
/* End PBXTargetDependency section */

/* Begin PBXVariantGroup section */
		3A99751F27689AEC00F32696 /* Main.storyboard */ = {
			isa = PBXVariantGroup;
			children = (
				3A99752027689AEC00F32696 /* Base */,
			);
			name = Main.storyboard;
			sourceTree = "<group>";
		};
		3A99752727689AEE00F32696 /* LaunchScreen.storyboard */ = {
			isa = PBXVariantGroup;
			children = (
				3A99752827689AEE00F32696 /* Base */,
			);
			name = LaunchScreen.storyboard;
			sourceTree = "<group>";
		};
/* End PBXVariantGroup section */

/* Begin XCBuildConfiguration section */
		3A99754127689AEE00F32696 /* Debug */ = {
			isa = XCBuildConfiguration;
			buildSettings = {
				ALWAYS_SEARCH_USER_PATHS = NO;
				CLANG_ANALYZER_NONNULL = YES;
				CLANG_ANALYZER_NUMBER_OBJECT_CONVERSION = YES_AGGRESSIVE;
				CLANG_CXX_LANGUAGE_STANDARD = "gnu++17";
				CLANG_CXX_LIBRARY = "libc++";
				CLANG_ENABLE_MODULES = YES;
				CLANG_ENABLE_OBJC_ARC = YES;
				CLANG_ENABLE_OBJC_WEAK = YES;
				CLANG_WARN_BLOCK_CAPTURE_AUTORELEASING = YES;
				CLANG_WARN_BOOL_CONVERSION = YES;
				CLANG_WARN_COMMA = YES;
				CLANG_WARN_CONSTANT_CONVERSION = YES;
				CLANG_WARN_DEPRECATED_OBJC_IMPLEMENTATIONS = YES;
				CLANG_WARN_DIRECT_OBJC_ISA_USAGE = YES_ERROR;
				CLANG_WARN_DOCUMENTATION_COMMENTS = YES;
				CLANG_WARN_EMPTY_BODY = YES;
				CLANG_WARN_ENUM_CONVERSION = YES;
				CLANG_WARN_INFINITE_RECURSION = YES;
				CLANG_WARN_INT_CONVERSION = YES;
				CLANG_WARN_NON_LITERAL_NULL_CONVERSION = YES;
				CLANG_WARN_OBJC_IMPLICIT_RETAIN_SELF = YES;
				CLANG_WARN_OBJC_LITERAL_CONVERSION = YES;
				CLANG_WARN_OBJC_ROOT_CLASS = YES_ERROR;
				CLANG_WARN_QUOTED_INCLUDE_IN_FRAMEWORK_HEADER = YES;
				CLANG_WARN_RANGE_LOOP_ANALYSIS = YES;
				CLANG_WARN_STRICT_PROTOTYPES = YES;
				CLANG_WARN_SUSPICIOUS_MOVE = YES;
				CLANG_WARN_UNGUARDED_AVAILABILITY = YES_AGGRESSIVE;
				CLANG_WARN_UNREACHABLE_CODE = YES;
				CLANG_WARN__DUPLICATE_METHOD_MATCH = YES;
				COPY_PHASE_STRIP = NO;
				DEBUG_INFORMATION_FORMAT = dwarf;
				ENABLE_STRICT_OBJC_MSGSEND = YES;
				ENABLE_TESTABILITY = YES;
				GCC_C_LANGUAGE_STANDARD = gnu11;
				GCC_DYNAMIC_NO_PIC = NO;
				GCC_NO_COMMON_BLOCKS = YES;
				GCC_OPTIMIZATION_LEVEL = 0;
				GCC_PREPROCESSOR_DEFINITIONS = (
					"DEBUG=1",
					"$(inherited)",
				);
				GCC_WARN_64_TO_32_BIT_CONVERSION = YES;
				GCC_WARN_ABOUT_RETURN_TYPE = YES_ERROR;
				GCC_WARN_UNDECLARED_SELECTOR = YES;
				GCC_WARN_UNINITIALIZED_AUTOS = YES_AGGRESSIVE;
				GCC_WARN_UNUSED_FUNCTION = YES;
				GCC_WARN_UNUSED_VARIABLE = YES;
				IPHONEOS_DEPLOYMENT_TARGET = 15.0;
				MTL_ENABLE_DEBUG_INFO = INCLUDE_SOURCE;
				MTL_FAST_MATH = YES;
				ONLY_ACTIVE_ARCH = YES;
				SDKROOT = iphoneos;
				SWIFT_ACTIVE_COMPILATION_CONDITIONS = DEBUG;
				SWIFT_OPTIMIZATION_LEVEL = "-Onone";
			};
			name = Debug;
		};
		3A99754227689AEE00F32696 /* Release */ = {
			isa = XCBuildConfiguration;
			buildSettings = {
				ALWAYS_SEARCH_USER_PATHS = NO;
				CLANG_ANALYZER_NONNULL = YES;
				CLANG_ANALYZER_NUMBER_OBJECT_CONVERSION = YES_AGGRESSIVE;
				CLANG_CXX_LANGUAGE_STANDARD = "gnu++17";
				CLANG_CXX_LIBRARY = "libc++";
				CLANG_ENABLE_MODULES = YES;
				CLANG_ENABLE_OBJC_ARC = YES;
				CLANG_ENABLE_OBJC_WEAK = YES;
				CLANG_WARN_BLOCK_CAPTURE_AUTORELEASING = YES;
				CLANG_WARN_BOOL_CONVERSION = YES;
				CLANG_WARN_COMMA = YES;
				CLANG_WARN_CONSTANT_CONVERSION = YES;
				CLANG_WARN_DEPRECATED_OBJC_IMPLEMENTATIONS = YES;
				CLANG_WARN_DIRECT_OBJC_ISA_USAGE = YES_ERROR;
				CLANG_WARN_DOCUMENTATION_COMMENTS = YES;
				CLANG_WARN_EMPTY_BODY = YES;
				CLANG_WARN_ENUM_CONVERSION = YES;
				CLANG_WARN_INFINITE_RECURSION = YES;
				CLANG_WARN_INT_CONVERSION = YES;
				CLANG_WARN_NON_LITERAL_NULL_CONVERSION = YES;
				CLANG_WARN_OBJC_IMPLICIT_RETAIN_SELF = YES;
				CLANG_WARN_OBJC_LITERAL_CONVERSION = YES;
				CLANG_WARN_OBJC_ROOT_CLASS = YES_ERROR;
				CLANG_WARN_QUOTED_INCLUDE_IN_FRAMEWORK_HEADER = YES;
				CLANG_WARN_RANGE_LOOP_ANALYSIS = YES;
				CLANG_WARN_STRICT_PROTOTYPES = YES;
				CLANG_WARN_SUSPICIOUS_MOVE = YES;
				CLANG_WARN_UNGUARDED_AVAILABILITY = YES_AGGRESSIVE;
				CLANG_WARN_UNREACHABLE_CODE = YES;
				CLANG_WARN__DUPLICATE_METHOD_MATCH = YES;
				COPY_PHASE_STRIP = NO;
				DEBUG_INFORMATION_FORMAT = "dwarf-with-dsym";
				ENABLE_NS_ASSERTIONS = NO;
				ENABLE_STRICT_OBJC_MSGSEND = YES;
				GCC_C_LANGUAGE_STANDARD = gnu11;
				GCC_NO_COMMON_BLOCKS = YES;
				GCC_WARN_64_TO_32_BIT_CONVERSION = YES;
				GCC_WARN_ABOUT_RETURN_TYPE = YES_ERROR;
				GCC_WARN_UNDECLARED_SELECTOR = YES;
				GCC_WARN_UNINITIALIZED_AUTOS = YES_AGGRESSIVE;
				GCC_WARN_UNUSED_FUNCTION = YES;
				GCC_WARN_UNUSED_VARIABLE = YES;
				IPHONEOS_DEPLOYMENT_TARGET = 15.0;
				MTL_ENABLE_DEBUG_INFO = NO;
				MTL_FAST_MATH = YES;
				SDKROOT = iphoneos;
				SWIFT_COMPILATION_MODE = wholemodule;
				SWIFT_OPTIMIZATION_LEVEL = "-O";
				VALIDATE_PRODUCT = YES;
			};
			name = Release;
		};
		3A99754427689AEE00F32696 /* Debug */ = {
			isa = XCBuildConfiguration;
			buildSettings = {
				ASSETCATALOG_COMPILER_APPICON_NAME = AppIcon;
				ASSETCATALOG_COMPILER_GLOBAL_ACCENT_COLOR_NAME = AccentColor;
				CODE_SIGN_STYLE = Automatic;
				CURRENT_PROJECT_VERSION = 1;
				GENERATE_INFOPLIST_FILE = YES;
				INFOPLIST_FILE = "get film/Info.plist";
				INFOPLIST_KEY_UIApplicationSupportsIndirectInputEvents = YES;
				INFOPLIST_KEY_UILaunchStoryboardName = LaunchScreen;
				INFOPLIST_KEY_UIMainStoryboardFile = Main;
				INFOPLIST_KEY_UISupportedInterfaceOrientations_iPad = "UIInterfaceOrientationPortrait UIInterfaceOrientationPortraitUpsideDown UIInterfaceOrientationLandscapeLeft UIInterfaceOrientationLandscapeRight";
				INFOPLIST_KEY_UISupportedInterfaceOrientations_iPhone = "UIInterfaceOrientationPortrait UIInterfaceOrientationLandscapeLeft UIInterfaceOrientationLandscapeRight";
				LD_RUNPATH_SEARCH_PATHS = (
					"$(inherited)",
					"@executable_path/Frameworks",
				);
				MARKETING_VERSION = 1.0;
				PRODUCT_BUNDLE_IDENTIFIER = "faisal.get-film";
				PRODUCT_NAME = "$(TARGET_NAME)";
				SWIFT_EMIT_LOC_STRINGS = YES;
				SWIFT_VERSION = 5.0;
				TARGETED_DEVICE_FAMILY = "1,2";
			};
			name = Debug;
		};
		3A99754527689AEE00F32696 /* Release */ = {
			isa = XCBuildConfiguration;
			buildSettings = {
				ASSETCATALOG_COMPILER_APPICON_NAME = AppIcon;
				ASSETCATALOG_COMPILER_GLOBAL_ACCENT_COLOR_NAME = AccentColor;
				CODE_SIGN_STYLE = Automatic;
				CURRENT_PROJECT_VERSION = 1;
				GENERATE_INFOPLIST_FILE = YES;
				INFOPLIST_FILE = "get film/Info.plist";
				INFOPLIST_KEY_UIApplicationSupportsIndirectInputEvents = YES;
				INFOPLIST_KEY_UILaunchStoryboardName = LaunchScreen;
				INFOPLIST_KEY_UIMainStoryboardFile = Main;
				INFOPLIST_KEY_UISupportedInterfaceOrientations_iPad = "UIInterfaceOrientationPortrait UIInterfaceOrientationPortraitUpsideDown UIInterfaceOrientationLandscapeLeft UIInterfaceOrientationLandscapeRight";
				INFOPLIST_KEY_UISupportedInterfaceOrientations_iPhone = "UIInterfaceOrientationPortrait UIInterfaceOrientationLandscapeLeft UIInterfaceOrientationLandscapeRight";
				LD_RUNPATH_SEARCH_PATHS = (
					"$(inherited)",
					"@executable_path/Frameworks",
				);
				MARKETING_VERSION = 1.0;
				PRODUCT_BUNDLE_IDENTIFIER = "faisal.get-film";
				PRODUCT_NAME = "$(TARGET_NAME)";
				SWIFT_EMIT_LOC_STRINGS = YES;
				SWIFT_VERSION = 5.0;
				TARGETED_DEVICE_FAMILY = "1,2";
			};
			name = Release;
		};
		3A99754727689AEE00F32696 /* Debug */ = {
			isa = XCBuildConfiguration;
			buildSettings = {
				ALWAYS_EMBED_SWIFT_STANDARD_LIBRARIES = YES;
				BUNDLE_LOADER = "$(TEST_HOST)";
				CODE_SIGN_STYLE = Automatic;
				CURRENT_PROJECT_VERSION = 1;
				GENERATE_INFOPLIST_FILE = YES;
				IPHONEOS_DEPLOYMENT_TARGET = 15.0;
				LD_RUNPATH_SEARCH_PATHS = (
					"$(inherited)",
					"@executable_path/Frameworks",
					"@loader_path/Frameworks",
				);
				MARKETING_VERSION = 1.0;
				PRODUCT_BUNDLE_IDENTIFIER = "faisal.get-filmTests";
				PRODUCT_NAME = "$(TARGET_NAME)";
				SWIFT_EMIT_LOC_STRINGS = NO;
				SWIFT_VERSION = 5.0;
				TARGETED_DEVICE_FAMILY = "1,2";
				TEST_HOST = "$(BUILT_PRODUCTS_DIR)/get film.app/get film";
			};
			name = Debug;
		};
		3A99754827689AEE00F32696 /* Release */ = {
			isa = XCBuildConfiguration;
			buildSettings = {
				ALWAYS_EMBED_SWIFT_STANDARD_LIBRARIES = YES;
				BUNDLE_LOADER = "$(TEST_HOST)";
				CODE_SIGN_STYLE = Automatic;
				CURRENT_PROJECT_VERSION = 1;
				GENERATE_INFOPLIST_FILE = YES;
				IPHONEOS_DEPLOYMENT_TARGET = 15.0;
				LD_RUNPATH_SEARCH_PATHS = (
					"$(inherited)",
					"@executable_path/Frameworks",
					"@loader_path/Frameworks",
				);
				MARKETING_VERSION = 1.0;
				PRODUCT_BUNDLE_IDENTIFIER = "faisal.get-filmTests";
				PRODUCT_NAME = "$(TARGET_NAME)";
				SWIFT_EMIT_LOC_STRINGS = NO;
				SWIFT_VERSION = 5.0;
				TARGETED_DEVICE_FAMILY = "1,2";
				TEST_HOST = "$(BUILT_PRODUCTS_DIR)/get film.app/get film";
			};
			name = Release;
		};
		3A99754A27689AEE00F32696 /* Debug */ = {
			isa = XCBuildConfiguration;
			buildSettings = {
				ALWAYS_EMBED_SWIFT_STANDARD_LIBRARIES = YES;
				CODE_SIGN_STYLE = Automatic;
				CURRENT_PROJECT_VERSION = 1;
				GENERATE_INFOPLIST_FILE = YES;
				LD_RUNPATH_SEARCH_PATHS = (
					"$(inherited)",
					"@executable_path/Frameworks",
					"@loader_path/Frameworks",
				);
				MARKETING_VERSION = 1.0;
				PRODUCT_BUNDLE_IDENTIFIER = "faisal.get-filmUITests";
				PRODUCT_NAME = "$(TARGET_NAME)";
				SWIFT_EMIT_LOC_STRINGS = NO;
				SWIFT_VERSION = 5.0;
				TARGETED_DEVICE_FAMILY = "1,2";
				TEST_TARGET_NAME = "get film";
			};
			name = Debug;
		};
		3A99754B27689AEE00F32696 /* Release */ = {
			isa = XCBuildConfiguration;
			buildSettings = {
				ALWAYS_EMBED_SWIFT_STANDARD_LIBRARIES = YES;
				CODE_SIGN_STYLE = Automatic;
				CURRENT_PROJECT_VERSION = 1;
				GENERATE_INFOPLIST_FILE = YES;
				LD_RUNPATH_SEARCH_PATHS = (
					"$(inherited)",
					"@executable_path/Frameworks",
					"@loader_path/Frameworks",
				);
				MARKETING_VERSION = 1.0;
				PRODUCT_BUNDLE_IDENTIFIER = "faisal.get-filmUITests";
				PRODUCT_NAME = "$(TARGET_NAME)";
				SWIFT_EMIT_LOC_STRINGS = NO;
				SWIFT_VERSION = 5.0;
				TARGETED_DEVICE_FAMILY = "1,2";
				TEST_TARGET_NAME = "get film";
			};
			name = Release;
		};
/* End XCBuildConfiguration section */

/* Begin XCConfigurationList section */
		3A99751127689AEC00F32696 /* Build configuration list for PBXProject "get film" */ = {
			isa = XCConfigurationList;
			buildConfigurations = (
				3A99754127689AEE00F32696 /* Debug */,
				3A99754227689AEE00F32696 /* Release */,
			);
			defaultConfigurationIsVisible = 0;
			defaultConfigurationName = Release;
		};
		3A99754327689AEE00F32696 /* Build configuration list for PBXNativeTarget "get film" */ = {
			isa = XCConfigurationList;
			buildConfigurations = (
				3A99754427689AEE00F32696 /* Debug */,
				3A99754527689AEE00F32696 /* Release */,
			);
			defaultConfigurationIsVisible = 0;
			defaultConfigurationName = Release;
		};
		3A99754627689AEE00F32696 /* Build configuration list for PBXNativeTarget "get filmTests" */ = {
			isa = XCConfigurationList;
			buildConfigurations = (
				3A99754727689AEE00F32696 /* Debug */,
				3A99754827689AEE00F32696 /* Release */,
			);
			defaultConfigurationIsVisible = 0;
			defaultConfigurationName = Release;
		};
		3A99754927689AEE00F32696 /* Build configuration list for PBXNativeTarget "get filmUITests" */ = {
			isa = XCConfigurationList;
			buildConfigurations = (
				3A99754A27689AEE00F32696 /* Debug */,
				3A99754B27689AEE00F32696 /* Release */,
			);
			defaultConfigurationIsVisible = 0;
			defaultConfigurationName = Release;
		};
/* End XCConfigurationList section */

/* Begin XCVersionGroup section */
		3A99752227689AEC00F32696 /* get_film.xcdatamodeld */ = {
			isa = XCVersionGroup;
			children = (
				3A99752327689AEC00F32696 /* get_film.xcdatamodel */,
			);
			currentVersion = 3A99752327689AEC00F32696 /* get_film.xcdatamodel */;
			path = get_film.xcdatamodeld;
			sourceTree = "<group>";
			versionGroupType = wrapper.xcdatamodel;
		};
/* End XCVersionGroup section */
	};
	rootObject = 3A99750E27689AEC00F32696 /* Project object */;
}
